
Microsoft Visual Studio Solution File, Format Version 12.00
# Visual Studio Version 16
VisualStudioVersion = 16.0.30517.126
MinimumVisualStudioVersion = 10.0.40219.1
Project("{FAE04EC0-301F-11D3-BF4B-00C04F79EFBC}") = "VTOLVRDiscordBot", "VTOLVRDiscordBot\VTOLVRDiscordBot.csproj", "{AB6C3D05-C795-43C9-864E-411021C91939}"
EndProject
Global
	GlobalSection(SolutionConfigurationPlatforms) = preSolution
		Debug|Any CPU = Debug|Any CPU
		Release|Any CPU = Release|Any CPU
	EndGlobalSection
	GlobalSection(ProjectConfigurationPlatforms) = postSolution
		{AB6C3D05-C795-43C9-864E-411021C91939}.Debug|Any CPU.ActiveCfg = Debug|Any CPU
		{AB6C3D05-C795-43C9-864E-411021C91939}.Debug|Any CPU.Build.0 = Debug|Any CPU
		{AB6C3D05-C795-43C9-864E-411021C91939}.Release|Any CPU.ActiveCfg = Release|Any CPU
		{AB6C3D05-C795-43C9-864E-411021C91939}.Release|Any CPU.Build.0 = Release|Any CPU
	EndGlobalSection
	GlobalSection(SolutionProperties) = preSolution
		HideSolutionNode = FALSE
	EndGlobalSection
	GlobalSection(ExtensibilityGlobals) = postSolution
		SolutionGuid = {9E481573-DED9-4E70-85C1-4A630FA10850}
	EndGlobalSection
EndGlobal
